
Microsoft Visual Studio Solution File, Format Version 10.00
# Visual C++ Express 2008
Project("{8BC9CEB8-8B4A-11D0-8D11-00A0C91BC942}") = "sprogc", "sprogc.vcproj", "{4F627552-B6A3-4A4C-8F65-1E72722A8309}"
EndProject
Project("{8BC9CEB8-8B4A-11D0-8D11-00A0C91BC942}") = "sprogc_test", "sprogc_test.vcproj", "{F917294D-9E9E-4A5D-B651-FDB018E8CA29}"
EndProject
Global
	GlobalSection(SolutionConfigurationPlatforms) = preSolution
		Debug DLL|Win32 = Debug DLL|Win32
		Debug|Win32 = Debug|Win32
		Release DLL|Win32 = Release DLL|Win32
		Release|Win32 = Release|Win32
	EndGlobalSection
	GlobalSection(ProjectConfigurationPlatforms) = postSolution
		{4F627552-B6A3-4A4C-8F65-1E72722A8309}.Debug DLL|Win32.ActiveCfg = Debug DLL|Win32
		{4F627552-B6A3-4A4C-8F65-1E72722A8309}.Debug DLL|Win32.Build.0 = Debug DLL|Win32
		{4F627552-B6A3-4A4C-8F65-1E72722A8309}.Debug|Win32.ActiveCfg = Debug|Win32
		{4F627552-B6A3-4A4C-8F65-1E72722A8309}.Debug|Win32.Build.0 = Debug|Win32
		{4F627552-B6A3-4A4C-8F65-1E72722A8309}.Release DLL|Win32.ActiveCfg = Release DLL|Win32
		{4F627552-B6A3-4A4C-8F65-1E72722A8309}.Release DLL|Win32.Build.0 = Release DLL|Win32
		{4F627552-B6A3-4A4C-8F65-1E72722A8309}.Release|Win32.ActiveCfg = Release|Win32
		{4F627552-B6A3-4A4C-8F65-1E72722A8309}.Release|Win32.Build.0 = Release|Win32
		{F917294D-9E9E-4A5D-B651-FDB018E8CA29}.Debug DLL|Win32.ActiveCfg = Debug DLL|Win32
		{F917294D-9E9E-4A5D-B651-FDB018E8CA29}.Debug DLL|Win32.Build.0 = Debug DLL|Win32
		{F917294D-9E9E-4A5D-B651-FDB018E8CA29}.Debug|Win32.ActiveCfg = Debug|Win32
		{F917294D-9E9E-4A5D-B651-FDB018E8CA29}.Debug|Win32.Build.0 = Debug|Win32
		{F917294D-9E9E-4A5D-B651-FDB018E8CA29}.Release DLL|Win32.ActiveCfg = Release DLL|Win32
		{F917294D-9E9E-4A5D-B651-FDB018E8CA29}.Release DLL|Win32.Build.0 = Release DLL|Win32
		{F917294D-9E9E-4A5D-B651-FDB018E8CA29}.Release|Win32.ActiveCfg = Release|Win32
		{F917294D-9E9E-4A5D-B651-FDB018E8CA29}.Release|Win32.Build.0 = Release|Win32
	EndGlobalSection
	GlobalSection(SolutionProperties) = preSolution
		HideSolutionNode = FALSE
	EndGlobalSection
EndGlobal
