
Microsoft Visual Studio Solution File, Format Version 10.00
# Visual C++ Express 2008
Project("{8BC9CEB8-8B4A-11D0-8D11-00A0C91BC942}") = "brush", "brush.vcproj", "{E5AAA6AF-CF09-4134-B603-86E9C0173DE5}"
	ProjectSection(ProjectDependencies) = postProject
		{7C44C01A-392C-4AF9-AF17-45567398432D} = {7C44C01A-392C-4AF9-AF17-45567398432D}
		{4F627552-B6A3-4A4C-8F65-1E72722A8309} = {4F627552-B6A3-4A4C-8F65-1E72722A8309}
		{293DDB56-7355-45C2-B678-1AE125EBF079} = {293DDB56-7355-45C2-B678-1AE125EBF079}
		{B28BCD7C-9F2F-46BF-849D-3C97FF1BBB23} = {B28BCD7C-9F2F-46BF-849D-3C97FF1BBB23}
		{667E4098-08F2-4C66-8B80-29643A05639B} = {667E4098-08F2-4C66-8B80-29643A05639B}
		{24E329F1-8809-494A-8E6C-EDDB045CE9D7} = {24E329F1-8809-494A-8E6C-EDDB045CE9D7}
		{1216C1F1-FA85-4674-8E89-34C7F7967673} = {1216C1F1-FA85-4674-8E89-34C7F7967673}
	EndProjectSection
EndProject
Project("{8BC9CEB8-8B4A-11D0-8D11-00A0C91BC942}") = "geometry", "..\geometry\geometry.vcproj", "{1216C1F1-FA85-4674-8E89-34C7F7967673}"
	ProjectSection(ProjectDependencies) = postProject
		{667E4098-08F2-4C66-8B80-29643A05639B} = {667E4098-08F2-4C66-8B80-29643A05639B}
		{24E329F1-8809-494A-8E6C-EDDB045CE9D7} = {24E329F1-8809-494A-8E6C-EDDB045CE9D7}
	EndProjectSection
EndProject
Project("{8BC9CEB8-8B4A-11D0-8D11-00A0C91BC942}") = "sprogc", "..\sprogc\sprogc.vcproj", "{4F627552-B6A3-4A4C-8F65-1E72722A8309}"
	ProjectSection(ProjectDependencies) = postProject
		{24E329F1-8809-494A-8E6C-EDDB045CE9D7} = {24E329F1-8809-494A-8E6C-EDDB045CE9D7}
	EndProjectSection
EndProject
Project("{8BC9CEB8-8B4A-11D0-8D11-00A0C91BC942}") = "sweeplib", "..\sweepc\sweeplib.vcproj", "{B28BCD7C-9F2F-46BF-849D-3C97FF1BBB23}"
	ProjectSection(ProjectDependencies) = postProject
		{1216C1F1-FA85-4674-8E89-34C7F7967673} = {1216C1F1-FA85-4674-8E89-34C7F7967673}
	EndProjectSection
EndProject
Project("{8BC9CEB8-8B4A-11D0-8D11-00A0C91BC942}") = "camxml", "..\camxml\camxml.vcproj", "{24E329F1-8809-494A-8E6C-EDDB045CE9D7}"
	ProjectSection(ProjectDependencies) = postProject
		{667E4098-08F2-4C66-8B80-29643A05639B} = {667E4098-08F2-4C66-8B80-29643A05639B}
	EndProjectSection
EndProject
Project("{8BC9CEB8-8B4A-11D0-8D11-00A0C91BC942}") = "comostrings", "..\comostrings\comostrings.vcproj", "{667E4098-08F2-4C66-8B80-29643A05639B}"
EndProject
Project("{8BC9CEB8-8B4A-11D0-8D11-00A0C91BC942}") = "mopslib", "..\mopsc\mopslib.vcproj", "{293DDB56-7355-45C2-B678-1AE125EBF079}"
	ProjectSection(ProjectDependencies) = postProject
		{4F627552-B6A3-4A4C-8F65-1E72722A8309} = {4F627552-B6A3-4A4C-8F65-1E72722A8309}
		{B28BCD7C-9F2F-46BF-849D-3C97FF1BBB23} = {B28BCD7C-9F2F-46BF-849D-3C97FF1BBB23}
		{667E4098-08F2-4C66-8B80-29643A05639B} = {667E4098-08F2-4C66-8B80-29643A05639B}
		{24E329F1-8809-494A-8E6C-EDDB045CE9D7} = {24E329F1-8809-494A-8E6C-EDDB045CE9D7}
		{1216C1F1-FA85-4674-8E89-34C7F7967673} = {1216C1F1-FA85-4674-8E89-34C7F7967673}
	EndProjectSection
EndProject
Project("{8BC9CEB8-8B4A-11D0-8D11-00A0C91BC942}") = "cvodes", "..\cvodes\cvodes.vcproj", "{7C44C01A-392C-4AF9-AF17-45567398432D}"
EndProject
Global
	GlobalSection(SolutionConfigurationPlatforms) = preSolution
		Debug DLL|Win32 = Debug DLL|Win32
		Debug|Win32 = Debug|Win32
		Release DLL|Win32 = Release DLL|Win32
		Release|Win32 = Release|Win32
	EndGlobalSection
	GlobalSection(ProjectConfigurationPlatforms) = postSolution
		{E5AAA6AF-CF09-4134-B603-86E9C0173DE5}.Debug DLL|Win32.ActiveCfg = Debug|Win32
		{E5AAA6AF-CF09-4134-B603-86E9C0173DE5}.Debug DLL|Win32.Build.0 = Debug|Win32
		{E5AAA6AF-CF09-4134-B603-86E9C0173DE5}.Debug|Win32.ActiveCfg = Debug|Win32
		{E5AAA6AF-CF09-4134-B603-86E9C0173DE5}.Debug|Win32.Build.0 = Debug|Win32
		{E5AAA6AF-CF09-4134-B603-86E9C0173DE5}.Release DLL|Win32.ActiveCfg = Release|Win32
		{E5AAA6AF-CF09-4134-B603-86E9C0173DE5}.Release DLL|Win32.Build.0 = Release|Win32
		{E5AAA6AF-CF09-4134-B603-86E9C0173DE5}.Release|Win32.ActiveCfg = Release|Win32
		{E5AAA6AF-CF09-4134-B603-86E9C0173DE5}.Release|Win32.Build.0 = Release|Win32
		{1216C1F1-FA85-4674-8E89-34C7F7967673}.Debug DLL|Win32.ActiveCfg = Debug|Win32
		{1216C1F1-FA85-4674-8E89-34C7F7967673}.Debug DLL|Win32.Build.0 = Debug|Win32
		{1216C1F1-FA85-4674-8E89-34C7F7967673}.Debug|Win32.ActiveCfg = Debug|Win32
		{1216C1F1-FA85-4674-8E89-34C7F7967673}.Debug|Win32.Build.0 = Debug|Win32
		{1216C1F1-FA85-4674-8E89-34C7F7967673}.Release DLL|Win32.ActiveCfg = Release|Win32
		{1216C1F1-FA85-4674-8E89-34C7F7967673}.Release DLL|Win32.Build.0 = Release|Win32
		{1216C1F1-FA85-4674-8E89-34C7F7967673}.Release|Win32.ActiveCfg = Release|Win32
		{1216C1F1-FA85-4674-8E89-34C7F7967673}.Release|Win32.Build.0 = Release|Win32
		{4F627552-B6A3-4A4C-8F65-1E72722A8309}.Debug DLL|Win32.ActiveCfg = Debug DLL|Win32
		{4F627552-B6A3-4A4C-8F65-1E72722A8309}.Debug DLL|Win32.Build.0 = Debug DLL|Win32
		{4F627552-B6A3-4A4C-8F65-1E72722A8309}.Debug|Win32.ActiveCfg = Debug|Win32
		{4F627552-B6A3-4A4C-8F65-1E72722A8309}.Debug|Win32.Build.0 = Debug|Win32
		{4F627552-B6A3-4A4C-8F65-1E72722A8309}.Release DLL|Win32.ActiveCfg = Release DLL|Win32
		{4F627552-B6A3-4A4C-8F65-1E72722A8309}.Release DLL|Win32.Build.0 = Release DLL|Win32
		{4F627552-B6A3-4A4C-8F65-1E72722A8309}.Release|Win32.ActiveCfg = Release|Win32
		{4F627552-B6A3-4A4C-8F65-1E72722A8309}.Release|Win32.Build.0 = Release|Win32
		{B28BCD7C-9F2F-46BF-849D-3C97FF1BBB23}.Debug DLL|Win32.ActiveCfg = Debug|Win32
		{B28BCD7C-9F2F-46BF-849D-3C97FF1BBB23}.Debug DLL|Win32.Build.0 = Debug|Win32
		{B28BCD7C-9F2F-46BF-849D-3C97FF1BBB23}.Debug|Win32.ActiveCfg = Debug|Win32
		{B28BCD7C-9F2F-46BF-849D-3C97FF1BBB23}.Debug|Win32.Build.0 = Debug|Win32
		{B28BCD7C-9F2F-46BF-849D-3C97FF1BBB23}.Release DLL|Win32.ActiveCfg = Release|Win32
		{B28BCD7C-9F2F-46BF-849D-3C97FF1BBB23}.Release DLL|Win32.Build.0 = Release|Win32
		{B28BCD7C-9F2F-46BF-849D-3C97FF1BBB23}.Release|Win32.ActiveCfg = Release|Win32
		{B28BCD7C-9F2F-46BF-849D-3C97FF1BBB23}.Release|Win32.Build.0 = Release|Win32
		{24E329F1-8809-494A-8E6C-EDDB045CE9D7}.Debug DLL|Win32.ActiveCfg = Debug DLL|Win32
		{24E329F1-8809-494A-8E6C-EDDB045CE9D7}.Debug DLL|Win32.Build.0 = Debug DLL|Win32
		{24E329F1-8809-494A-8E6C-EDDB045CE9D7}.Debug|Win32.ActiveCfg = Debug|Win32
		{24E329F1-8809-494A-8E6C-EDDB045CE9D7}.Debug|Win32.Build.0 = Debug|Win32
		{24E329F1-8809-494A-8E6C-EDDB045CE9D7}.Release DLL|Win32.ActiveCfg = Release DLL|Win32
		{24E329F1-8809-494A-8E6C-EDDB045CE9D7}.Release DLL|Win32.Build.0 = Release DLL|Win32
		{24E329F1-8809-494A-8E6C-EDDB045CE9D7}.Release|Win32.ActiveCfg = Release|Win32
		{24E329F1-8809-494A-8E6C-EDDB045CE9D7}.Release|Win32.Build.0 = Release|Win32
		{667E4098-08F2-4C66-8B80-29643A05639B}.Debug DLL|Win32.ActiveCfg = Debug DLL|Win32
		{667E4098-08F2-4C66-8B80-29643A05639B}.Debug DLL|Win32.Build.0 = Debug DLL|Win32
		{667E4098-08F2-4C66-8B80-29643A05639B}.Debug|Win32.ActiveCfg = Debug|Win32
		{667E4098-08F2-4C66-8B80-29643A05639B}.Debug|Win32.Build.0 = Debug|Win32
		{667E4098-08F2-4C66-8B80-29643A05639B}.Release DLL|Win32.ActiveCfg = Release DLL|Win32
		{667E4098-08F2-4C66-8B80-29643A05639B}.Release DLL|Win32.Build.0 = Release DLL|Win32
		{667E4098-08F2-4C66-8B80-29643A05639B}.Release|Win32.ActiveCfg = Release|Win32
		{667E4098-08F2-4C66-8B80-29643A05639B}.Release|Win32.Build.0 = Release|Win32
		{293DDB56-7355-45C2-B678-1AE125EBF079}.Debug DLL|Win32.ActiveCfg = Debug|Win32
		{293DDB56-7355-45C2-B678-1AE125EBF079}.Debug DLL|Win32.Build.0 = Debug|Win32
		{293DDB56-7355-45C2-B678-1AE125EBF079}.Debug|Win32.ActiveCfg = Debug|Win32
		{293DDB56-7355-45C2-B678-1AE125EBF079}.Debug|Win32.Build.0 = Debug|Win32
		{293DDB56-7355-45C2-B678-1AE125EBF079}.Release DLL|Win32.ActiveCfg = Release|Win32
		{293DDB56-7355-45C2-B678-1AE125EBF079}.Release DLL|Win32.Build.0 = Release|Win32
		{293DDB56-7355-45C2-B678-1AE125EBF079}.Release|Win32.ActiveCfg = Release|Win32
		{293DDB56-7355-45C2-B678-1AE125EBF079}.Release|Win32.Build.0 = Release|Win32
		{7C44C01A-392C-4AF9-AF17-45567398432D}.Debug DLL|Win32.ActiveCfg = Debug|Win32
		{7C44C01A-392C-4AF9-AF17-45567398432D}.Debug DLL|Win32.Build.0 = Debug|Win32
		{7C44C01A-392C-4AF9-AF17-45567398432D}.Debug|Win32.ActiveCfg = Debug|Win32
		{7C44C01A-392C-4AF9-AF17-45567398432D}.Debug|Win32.Build.0 = Debug|Win32
		{7C44C01A-392C-4AF9-AF17-45567398432D}.Release DLL|Win32.ActiveCfg = Release|Win32
		{7C44C01A-392C-4AF9-AF17-45567398432D}.Release DLL|Win32.Build.0 = Release|Win32
		{7C44C01A-392C-4AF9-AF17-45567398432D}.Release|Win32.ActiveCfg = Release|Win32
		{7C44C01A-392C-4AF9-AF17-45567398432D}.Release|Win32.Build.0 = Release|Win32
	EndGlobalSection
	GlobalSection(SolutionProperties) = preSolution
		HideSolutionNode = FALSE
	EndGlobalSection
EndGlobal
