
Microsoft Visual Studio Solution File, Format Version 10.00
# Visual C++ Express 2008
Project("{8BC9CEB8-8B4A-11D0-8D11-00A0C91BC942}") = "camflow", "camflow.vcproj", "{C7FD3462-8080-4B5F-B475-D02E1634AF20}"
	ProjectSection(ProjectDependencies) = postProject
		{3BFB5737-AF77-4214-BE21-3F71A8C36570} = {3BFB5737-AF77-4214-BE21-3F71A8C36570}
		{EC979A3C-9690-4198-AD1D-81E04659C314} = {EC979A3C-9690-4198-AD1D-81E04659C314}
		{4F627552-B6A3-4A4C-8F65-1E72722A8309} = {4F627552-B6A3-4A4C-8F65-1E72722A8309}
		{9F7C637F-9905-4EF1-85D6-176C71B71DCE} = {9F7C637F-9905-4EF1-85D6-176C71B71DCE}
		{486A8187-3748-47C6-B03F-5F357EBF6DAA} = {486A8187-3748-47C6-B03F-5F357EBF6DAA}
		{667E4098-08F2-4C66-8B80-29643A05639B} = {667E4098-08F2-4C66-8B80-29643A05639B}
		{24E329F1-8809-494A-8E6C-EDDB045CE9D7} = {24E329F1-8809-494A-8E6C-EDDB045CE9D7}
	EndProjectSection
EndProject
Project("{8BC9CEB8-8B4A-11D0-8D11-00A0C91BC942}") = "camxml", "..\camxml\camxml.vcproj", "{24E329F1-8809-494A-8E6C-EDDB045CE9D7}"
EndProject
Project("{8BC9CEB8-8B4A-11D0-8D11-00A0C91BC942}") = "comostrings", "..\comostrings\comostrings.vcproj", "{667E4098-08F2-4C66-8B80-29643A05639B}"
EndProject
Project("{8BC9CEB8-8B4A-11D0-8D11-00A0C91BC942}") = "cvode", "..\cvode\cvode.vcproj", "{9F7C637F-9905-4EF1-85D6-176C71B71DCE}"
EndProject
Project("{8BC9CEB8-8B4A-11D0-8D11-00A0C91BC942}") = "ida", "..\ida\ida.vcproj", "{EC979A3C-9690-4198-AD1D-81E04659C314}"
EndProject
Project("{8BC9CEB8-8B4A-11D0-8D11-00A0C91BC942}") = "kinsol", "..\kinsol\kinsol.vcproj", "{486A8187-3748-47C6-B03F-5F357EBF6DAA}"
EndProject
Project("{8BC9CEB8-8B4A-11D0-8D11-00A0C91BC942}") = "radau", "..\radau\radau.vcproj", "{3BFB5737-AF77-4214-BE21-3F71A8C36570}"
EndProject
Project("{8BC9CEB8-8B4A-11D0-8D11-00A0C91BC942}") = "sprogc", "..\sprogc\sprogc.vcproj", "{4F627552-B6A3-4A4C-8F65-1E72722A8309}"
	ProjectSection(ProjectDependencies) = postProject
		{24E329F1-8809-494A-8E6C-EDDB045CE9D7} = {24E329F1-8809-494A-8E6C-EDDB045CE9D7}
	EndProjectSection
EndProject
Global
	GlobalSection(SolutionConfigurationPlatforms) = preSolution
		Debug DLL|Win32 = Debug DLL|Win32
		Debug|Win32 = Debug|Win32
		Release DLL|Win32 = Release DLL|Win32
		Release|Win32 = Release|Win32
	EndGlobalSection
	GlobalSection(ProjectConfigurationPlatforms) = postSolution
		{C7FD3462-8080-4B5F-B475-D02E1634AF20}.Debug DLL|Win32.ActiveCfg = Debug|Win32
		{C7FD3462-8080-4B5F-B475-D02E1634AF20}.Debug DLL|Win32.Build.0 = Debug|Win32
		{C7FD3462-8080-4B5F-B475-D02E1634AF20}.Debug|Win32.ActiveCfg = Debug|Win32
		{C7FD3462-8080-4B5F-B475-D02E1634AF20}.Debug|Win32.Build.0 = Debug|Win32
		{C7FD3462-8080-4B5F-B475-D02E1634AF20}.Release DLL|Win32.ActiveCfg = Release|Win32
		{C7FD3462-8080-4B5F-B475-D02E1634AF20}.Release DLL|Win32.Build.0 = Release|Win32
		{C7FD3462-8080-4B5F-B475-D02E1634AF20}.Release|Win32.ActiveCfg = Release|Win32
		{C7FD3462-8080-4B5F-B475-D02E1634AF20}.Release|Win32.Build.0 = Release|Win32
		{24E329F1-8809-494A-8E6C-EDDB045CE9D7}.Debug DLL|Win32.ActiveCfg = Debug DLL|Win32
		{24E329F1-8809-494A-8E6C-EDDB045CE9D7}.Debug DLL|Win32.Build.0 = Debug DLL|Win32
		{24E329F1-8809-494A-8E6C-EDDB045CE9D7}.Debug|Win32.ActiveCfg = Debug|Win32
		{24E329F1-8809-494A-8E6C-EDDB045CE9D7}.Debug|Win32.Build.0 = Debug|Win32
		{24E329F1-8809-494A-8E6C-EDDB045CE9D7}.Release DLL|Win32.ActiveCfg = Release DLL|Win32
		{24E329F1-8809-494A-8E6C-EDDB045CE9D7}.Release DLL|Win32.Build.0 = Release DLL|Win32
		{24E329F1-8809-494A-8E6C-EDDB045CE9D7}.Release|Win32.ActiveCfg = Release|Win32
		{24E329F1-8809-494A-8E6C-EDDB045CE9D7}.Release|Win32.Build.0 = Release|Win32
		{667E4098-08F2-4C66-8B80-29643A05639B}.Debug DLL|Win32.ActiveCfg = Debug DLL|Win32
		{667E4098-08F2-4C66-8B80-29643A05639B}.Debug DLL|Win32.Build.0 = Debug DLL|Win32
		{667E4098-08F2-4C66-8B80-29643A05639B}.Debug|Win32.ActiveCfg = Debug|Win32
		{667E4098-08F2-4C66-8B80-29643A05639B}.Debug|Win32.Build.0 = Debug|Win32
		{667E4098-08F2-4C66-8B80-29643A05639B}.Release DLL|Win32.ActiveCfg = Release DLL|Win32
		{667E4098-08F2-4C66-8B80-29643A05639B}.Release DLL|Win32.Build.0 = Release DLL|Win32
		{667E4098-08F2-4C66-8B80-29643A05639B}.Release|Win32.ActiveCfg = Release|Win32
		{667E4098-08F2-4C66-8B80-29643A05639B}.Release|Win32.Build.0 = Release|Win32
		{9F7C637F-9905-4EF1-85D6-176C71B71DCE}.Debug DLL|Win32.ActiveCfg = Debug|Win32
		{9F7C637F-9905-4EF1-85D6-176C71B71DCE}.Debug DLL|Win32.Build.0 = Debug|Win32
		{9F7C637F-9905-4EF1-85D6-176C71B71DCE}.Debug|Win32.ActiveCfg = Debug|Win32
		{9F7C637F-9905-4EF1-85D6-176C71B71DCE}.Debug|Win32.Build.0 = Debug|Win32
		{9F7C637F-9905-4EF1-85D6-176C71B71DCE}.Release DLL|Win32.ActiveCfg = Release|Win32
		{9F7C637F-9905-4EF1-85D6-176C71B71DCE}.Release DLL|Win32.Build.0 = Release|Win32
		{9F7C637F-9905-4EF1-85D6-176C71B71DCE}.Release|Win32.ActiveCfg = Release|Win32
		{9F7C637F-9905-4EF1-85D6-176C71B71DCE}.Release|Win32.Build.0 = Release|Win32
		{EC979A3C-9690-4198-AD1D-81E04659C314}.Debug DLL|Win32.ActiveCfg = Debug|Win32
		{EC979A3C-9690-4198-AD1D-81E04659C314}.Debug DLL|Win32.Build.0 = Debug|Win32
		{EC979A3C-9690-4198-AD1D-81E04659C314}.Debug|Win32.ActiveCfg = Debug|Win32
		{EC979A3C-9690-4198-AD1D-81E04659C314}.Debug|Win32.Build.0 = Debug|Win32
		{EC979A3C-9690-4198-AD1D-81E04659C314}.Release DLL|Win32.ActiveCfg = Release|Win32
		{EC979A3C-9690-4198-AD1D-81E04659C314}.Release DLL|Win32.Build.0 = Release|Win32
		{EC979A3C-9690-4198-AD1D-81E04659C314}.Release|Win32.ActiveCfg = Release|Win32
		{EC979A3C-9690-4198-AD1D-81E04659C314}.Release|Win32.Build.0 = Release|Win32
		{486A8187-3748-47C6-B03F-5F357EBF6DAA}.Debug DLL|Win32.ActiveCfg = Debug|Win32
		{486A8187-3748-47C6-B03F-5F357EBF6DAA}.Debug DLL|Win32.Build.0 = Debug|Win32
		{486A8187-3748-47C6-B03F-5F357EBF6DAA}.Debug|Win32.ActiveCfg = Debug|Win32
		{486A8187-3748-47C6-B03F-5F357EBF6DAA}.Debug|Win32.Build.0 = Debug|Win32
		{486A8187-3748-47C6-B03F-5F357EBF6DAA}.Release DLL|Win32.ActiveCfg = Release|Win32
		{486A8187-3748-47C6-B03F-5F357EBF6DAA}.Release DLL|Win32.Build.0 = Release|Win32
		{486A8187-3748-47C6-B03F-5F357EBF6DAA}.Release|Win32.ActiveCfg = Release|Win32
		{486A8187-3748-47C6-B03F-5F357EBF6DAA}.Release|Win32.Build.0 = Release|Win32
		{3BFB5737-AF77-4214-BE21-3F71A8C36570}.Debug DLL|Win32.ActiveCfg = Debug|Win32
		{3BFB5737-AF77-4214-BE21-3F71A8C36570}.Debug DLL|Win32.Build.0 = Debug|Win32
		{3BFB5737-AF77-4214-BE21-3F71A8C36570}.Debug|Win32.ActiveCfg = Debug|Win32
		{3BFB5737-AF77-4214-BE21-3F71A8C36570}.Debug|Win32.Build.0 = Debug|Win32
		{3BFB5737-AF77-4214-BE21-3F71A8C36570}.Release DLL|Win32.ActiveCfg = Release|Win32
		{3BFB5737-AF77-4214-BE21-3F71A8C36570}.Release DLL|Win32.Build.0 = Release|Win32
		{3BFB5737-AF77-4214-BE21-3F71A8C36570}.Release|Win32.ActiveCfg = Release|Win32
		{3BFB5737-AF77-4214-BE21-3F71A8C36570}.Release|Win32.Build.0 = Release|Win32
		{4F627552-B6A3-4A4C-8F65-1E72722A8309}.Debug DLL|Win32.ActiveCfg = Debug DLL|Win32
		{4F627552-B6A3-4A4C-8F65-1E72722A8309}.Debug DLL|Win32.Build.0 = Debug DLL|Win32
		{4F627552-B6A3-4A4C-8F65-1E72722A8309}.Debug|Win32.ActiveCfg = Debug|Win32
		{4F627552-B6A3-4A4C-8F65-1E72722A8309}.Debug|Win32.Build.0 = Debug|Win32
		{4F627552-B6A3-4A4C-8F65-1E72722A8309}.Release DLL|Win32.ActiveCfg = Release DLL|Win32
		{4F627552-B6A3-4A4C-8F65-1E72722A8309}.Release DLL|Win32.Build.0 = Release DLL|Win32
		{4F627552-B6A3-4A4C-8F65-1E72722A8309}.Release|Win32.ActiveCfg = Release|Win32
		{4F627552-B6A3-4A4C-8F65-1E72722A8309}.Release|Win32.Build.0 = Release|Win32
	EndGlobalSection
	GlobalSection(SolutionProperties) = preSolution
		HideSolutionNode = FALSE
	EndGlobalSection
EndGlobal
