
Microsoft Visual Studio Solution File, Format Version 10.00
# Visual C++ Express 2008
Project("{8BC9CEB8-8B4A-11D0-8D11-00A0C91BC942}") = "mops", "mops.vcproj", "{A25EDCBA-213A-4502-824D-BC78B9C467EE}"
	ProjectSection(ProjectDependencies) = postProject
		{7C44C01A-392C-4AF9-AF17-45567398432D} = {7C44C01A-392C-4AF9-AF17-45567398432D}
		{4F627552-B6A3-4A4C-8F65-1E72722A8309} = {4F627552-B6A3-4A4C-8F65-1E72722A8309}
		{667E4098-08F2-4C66-8B80-29643A05639B} = {667E4098-08F2-4C66-8B80-29643A05639B}
		{1216C1F1-FA85-4674-8E89-34C7F7967673} = {1216C1F1-FA85-4674-8E89-34C7F7967673}
	EndProjectSection
EndProject
Project("{8BC9CEB8-8B4A-11D0-8D11-00A0C91BC942}") = "sprogc", "..\sprogc\sprogc.vcproj", "{4F627552-B6A3-4A4C-8F65-1E72722A8309}"
EndProject
Project("{8BC9CEB8-8B4A-11D0-8D11-00A0C91BC942}") = "comostrings", "..\comostrings\comostrings.vcproj", "{667E4098-08F2-4C66-8B80-29643A05639B}"
EndProject
Project("{8BC9CEB8-8B4A-11D0-8D11-00A0C91BC942}") = "camxml", "..\camxml\camxml.vcproj", "{24E329F1-8809-494A-8E6C-EDDB045CE9D7}"
EndProject
Project("{8BC9CEB8-8B4A-11D0-8D11-00A0C91BC942}") = "sweeplib", "..\sweepc\sweeplib.vcproj", "{B28BCD7C-9F2F-46BF-849D-3C97FF1BBB23}"
	ProjectSection(ProjectDependencies) = postProject
		{1216C1F1-FA85-4674-8E89-34C7F7967673} = {1216C1F1-FA85-4674-8E89-34C7F7967673}
	EndProjectSection
EndProject
Project("{8BC9CEB8-8B4A-11D0-8D11-00A0C91BC942}") = "cvodes", "..\cvodes\cvodes.vcproj", "{7C44C01A-392C-4AF9-AF17-45567398432D}"
EndProject
Project("{8BC9CEB8-8B4A-11D0-8D11-00A0C91BC942}") = "geometry", "..\geometry\geometry.vcproj", "{1216C1F1-FA85-4674-8E89-34C7F7967673}"
	ProjectSection(ProjectDependencies) = postProject
		{4F627552-B6A3-4A4C-8F65-1E72722A8309} = {4F627552-B6A3-4A4C-8F65-1E72722A8309}
		{24E329F1-8809-494A-8E6C-EDDB045CE9D7} = {24E329F1-8809-494A-8E6C-EDDB045CE9D7}
	EndProjectSection
EndProject
Global
	GlobalSection(SolutionConfigurationPlatforms) = preSolution
		Debug|Win32 = Debug|Win32
		Release|Win32 = Release|Win32
	EndGlobalSection
	GlobalSection(ProjectConfigurationPlatforms) = postSolution
		{A25EDCBA-213A-4502-824D-BC78B9C467EE}.Debug|Win32.ActiveCfg = Debug|Win32
		{A25EDCBA-213A-4502-824D-BC78B9C467EE}.Debug|Win32.Build.0 = Debug|Win32
		{A25EDCBA-213A-4502-824D-BC78B9C467EE}.Release|Win32.ActiveCfg = Release|Win32
		{A25EDCBA-213A-4502-824D-BC78B9C467EE}.Release|Win32.Build.0 = Release|Win32
		{4F627552-B6A3-4A4C-8F65-1E72722A8309}.Debug|Win32.ActiveCfg = Debug|Win32
		{4F627552-B6A3-4A4C-8F65-1E72722A8309}.Debug|Win32.Build.0 = Debug|Win32
		{4F627552-B6A3-4A4C-8F65-1E72722A8309}.Release|Win32.ActiveCfg = Release|Win32
		{4F627552-B6A3-4A4C-8F65-1E72722A8309}.Release|Win32.Build.0 = Release|Win32
		{667E4098-08F2-4C66-8B80-29643A05639B}.Debug|Win32.ActiveCfg = Debug|Win32
		{667E4098-08F2-4C66-8B80-29643A05639B}.Debug|Win32.Build.0 = Debug|Win32
		{667E4098-08F2-4C66-8B80-29643A05639B}.Release|Win32.ActiveCfg = Release|Win32
		{667E4098-08F2-4C66-8B80-29643A05639B}.Release|Win32.Build.0 = Release|Win32
		{24E329F1-8809-494A-8E6C-EDDB045CE9D7}.Debug|Win32.ActiveCfg = Debug|Win32
		{24E329F1-8809-494A-8E6C-EDDB045CE9D7}.Debug|Win32.Build.0 = Debug|Win32
		{24E329F1-8809-494A-8E6C-EDDB045CE9D7}.Release|Win32.ActiveCfg = Release|Win32
		{24E329F1-8809-494A-8E6C-EDDB045CE9D7}.Release|Win32.Build.0 = Release|Win32
		{B28BCD7C-9F2F-46BF-849D-3C97FF1BBB23}.Debug|Win32.ActiveCfg = Debug|Win32
		{B28BCD7C-9F2F-46BF-849D-3C97FF1BBB23}.Debug|Win32.Build.0 = Debug|Win32
		{B28BCD7C-9F2F-46BF-849D-3C97FF1BBB23}.Release|Win32.ActiveCfg = Release|Win32
		{B28BCD7C-9F2F-46BF-849D-3C97FF1BBB23}.Release|Win32.Build.0 = Release|Win32
		{7C44C01A-392C-4AF9-AF17-45567398432D}.Debug|Win32.ActiveCfg = Debug|Win32
		{7C44C01A-392C-4AF9-AF17-45567398432D}.Debug|Win32.Build.0 = Debug|Win32
		{7C44C01A-392C-4AF9-AF17-45567398432D}.Release|Win32.ActiveCfg = Release|Win32
		{7C44C01A-392C-4AF9-AF17-45567398432D}.Release|Win32.Build.0 = Release|Win32
		{1216C1F1-FA85-4674-8E89-34C7F7967673}.Debug|Win32.ActiveCfg = Debug|Win32
		{1216C1F1-FA85-4674-8E89-34C7F7967673}.Debug|Win32.Build.0 = Debug|Win32
		{1216C1F1-FA85-4674-8E89-34C7F7967673}.Release|Win32.ActiveCfg = Release|Win32
		{1216C1F1-FA85-4674-8E89-34C7F7967673}.Release|Win32.Build.0 = Release|Win32
	EndGlobalSection
	GlobalSection(SolutionProperties) = preSolution
		HideSolutionNode = FALSE
	EndGlobalSection
EndGlobal
